// !$*UTF8*$!
{
	archiveVersion = 1;
	classes = {
	};
	objectVersion = 56;
	objects = {

/* Begin PBXBuildFile section */
		01A59D987F81347A22DEC921 /* Pods_SportAppTests.framework in Frameworks */ = {isa = PBXBuildFile; fileRef = 604507DC9DF4AE240C9431B5 /* Pods_SportAppTests.framework */; };
		634CC9FB5444CB5D4264D010 /* Pods_SportApp_SportAppUITests.framework in Frameworks */ = {isa = PBXBuildFile; fileRef = 4C27630937E63FDEA8542D8C /* Pods_SportApp_SportAppUITests.framework */; };
		9923A8F929719EDA009C9607 /* InfoOverlayView.swift in Sources */ = {isa = PBXBuildFile; fileRef = 9923A8F829719ED9009C9607 /* InfoOverlayView.swift */; };
		997FC591296F3150008A3D62 /* SportAppApp.swift in Sources */ = {isa = PBXBuildFile; fileRef = 997FC590296F3150008A3D62 /* SportAppApp.swift */; };
		997FC593296F3150008A3D62 /* ContentView.swift in Sources */ = {isa = PBXBuildFile; fileRef = 997FC592296F3150008A3D62 /* ContentView.swift */; };
		997FC595296F3152008A3D62 /* Assets.xcassets in Resources */ = {isa = PBXBuildFile; fileRef = 997FC594296F3152008A3D62 /* Assets.xcassets */; };
		997FC598296F3152008A3D62 /* Preview Assets.xcassets in Resources */ = {isa = PBXBuildFile; fileRef = 997FC597296F3152008A3D62 /* Preview Assets.xcassets */; };
		997FC5A2296F3152008A3D62 /* SportAppTests.swift in Sources */ = {isa = PBXBuildFile; fileRef = 997FC5A1296F3152008A3D62 /* SportAppTests.swift */; };
		997FC5AC296F3152008A3D62 /* SportAppUITests.swift in Sources */ = {isa = PBXBuildFile; fileRef = 997FC5AB296F3152008A3D62 /* SportAppUITests.swift */; };
		997FC5AE296F3152008A3D62 /* SportAppUITestsLaunchTests.swift in Sources */ = {isa = PBXBuildFile; fileRef = 997FC5AD296F3152008A3D62 /* SportAppUITestsLaunchTests.swift */; };
		99B6DD122970395E00C98332 /* RunView.swift in Sources */ = {isa = PBXBuildFile; fileRef = 99B6DD112970395E00C98332 /* RunView.swift */; };
		99B6DD1429703D0A00C98332 /* MapsView.swift in Sources */ = {isa = PBXBuildFile; fileRef = 99B6DD1329703D0A00C98332 /* MapsView.swift */; };
		99B6DD1629704A5B00C98332 /* MapsViewModel.swift in Sources */ = {isa = PBXBuildFile; fileRef = 99B6DD1529704A5B00C98332 /* MapsViewModel.swift */; };
		99B6DD1D29705E5700C98332 /* ChartModel.swift in Sources */ = {isa = PBXBuildFile; fileRef = 99B6DD1C29705E5700C98332 /* ChartModel.swift */; };
		99B6DD21297173AE00C98332 /* NewTrainingView.swift in Sources */ = {isa = PBXBuildFile; fileRef = 99B6DD20297173AE00C98332 /* NewTrainingView.swift */; };
		99B6DD2529717A8300C98332 /* NotifListTrainingView.swift in Sources */ = {isa = PBXBuildFile; fileRef = 99B6DD2429717A8300C98332 /* NotifListTrainingView.swift */; };
		99B6DD2B29717DFF00C98332 /* NotificationManager.swift in Sources */ = {isa = PBXBuildFile; fileRef = 99B6DD2A29717DFF00C98332 /* NotificationManager.swift */; };
		99B6DD2D2971845A00C98332 /* LocalNotificationApp.swift in Sources */ = {isa = PBXBuildFile; fileRef = 99B6DD2C2971845A00C98332 /* LocalNotificationApp.swift */; };
		99B6DD2F297187D100C98332 /* CreateNotificationView.swift in Sources */ = {isa = PBXBuildFile; fileRef = 99B6DD2E297187D100C98332 /* CreateNotificationView.swift */; };
		99C0608A296F39CD00258BCE /* Pods_SportApp.framework in Frameworks */ = {isa = PBXBuildFile; fileRef = AB7F93249D2952464E36BA50 /* Pods_SportApp.framework */; };
		99C0608B296F39CD00258BCE /* Pods_SportApp.framework in Embed Frameworks */ = {isa = PBXBuildFile; fileRef = AB7F93249D2952464E36BA50 /* Pods_SportApp.framework */; settings = {ATTRIBUTES = (CodeSignOnCopy, RemoveHeadersOnCopy, ); }; };
		99C0608F296F484500258BCE /* Pods_SportAppTests.framework in Embed Frameworks */ = {isa = PBXBuildFile; fileRef = 604507DC9DF4AE240C9431B5 /* Pods_SportAppTests.framework */; settings = {ATTRIBUTES = (CodeSignOnCopy, RemoveHeadersOnCopy, ); }; };
		99C06090296F484C00258BCE /* Pods_SportApp_SportAppUITests.framework in Embed Frameworks */ = {isa = PBXBuildFile; fileRef = 4C27630937E63FDEA8542D8C /* Pods_SportApp_SportAppUITests.framework */; settings = {ATTRIBUTES = (CodeSignOnCopy, RemoveHeadersOnCopy, ); }; };
		99C06097296F4E5900258BCE /* HomeView.swift in Sources */ = {isa = PBXBuildFile; fileRef = 99C06096296F4E5900258BCE /* HomeView.swift */; };
		99C06099296F4EE200258BCE /* TrainingView.swift in Sources */ = {isa = PBXBuildFile; fileRef = 99C06098296F4EE200258BCE /* TrainingView.swift */; };
		99C0609B296F507F00258BCE /* ActivityView.swift in Sources */ = {isa = PBXBuildFile; fileRef = 99C0609A296F507F00258BCE /* ActivityView.swift */; };
		99C0609D296F511F00258BCE /* ProgramView.swift in Sources */ = {isa = PBXBuildFile; fileRef = 99C0609C296F511F00258BCE /* ProgramView.swift */; };
		99C060A5296F552600258BCE /* ForYouView.swift in Sources */ = {isa = PBXBuildFile; fileRef = 99C060A4296F552600258BCE /* ForYouView.swift */; };
		99C060A7296F557000258BCE /* ActivityProgView.swift in Sources */ = {isa = PBXBuildFile; fileRef = 99C060A6296F557000258BCE /* ActivityProgView.swift */; };
		99C060A9296F558700258BCE /* MealView.swift in Sources */ = {isa = PBXBuildFile; fileRef = 99C060A8296F558700258BCE /* MealView.swift */; };
		99C060AB296F5E6000258BCE /* LinkProfileView.swift in Sources */ = {isa = PBXBuildFile; fileRef = 99C060AA296F5E6000258BCE /* LinkProfileView.swift */; };
		99C060AD296F614E00258BCE /* ProfileView.swift in Sources */ = {isa = PBXBuildFile; fileRef = 99C060AC296F614E00258BCE /* ProfileView.swift */; };
/* End PBXBuildFile section */

/* Begin PBXContainerItemProxy section */
		997FC59E296F3152008A3D62 /* PBXContainerItemProxy */ = {
			isa = PBXContainerItemProxy;
			containerPortal = 997FC585296F3150008A3D62 /* Project object */;
			proxyType = 1;
			remoteGlobalIDString = 997FC58C296F3150008A3D62;
			remoteInfo = SportApp;
		};
		997FC5A8296F3152008A3D62 /* PBXContainerItemProxy */ = {
			isa = PBXContainerItemProxy;
			containerPortal = 997FC585296F3150008A3D62 /* Project object */;
			proxyType = 1;
			remoteGlobalIDString = 997FC58C296F3150008A3D62;
			remoteInfo = SportApp;
		};
/* End PBXContainerItemProxy section */

/* Begin PBXCopyFilesBuildPhase section */
		99C0608C296F39CE00258BCE /* Embed Frameworks */ = {
			isa = PBXCopyFilesBuildPhase;
			buildActionMask = 12;
			dstPath = "";
			dstSubfolderSpec = 10;
			files = (
				99C06090296F484C00258BCE /* Pods_SportApp_SportAppUITests.framework in Embed Frameworks */,
				99C0608F296F484500258BCE /* Pods_SportAppTests.framework in Embed Frameworks */,
				99C0608B296F39CD00258BCE /* Pods_SportApp.framework in Embed Frameworks */,
			);
			name = "Embed Frameworks";
			runOnlyForDeploymentPostprocessing = 0;
		};
/* End PBXCopyFilesBuildPhase section */

/* Begin PBXFileReference section */
		2333C1E9D15F3EF654DCA047 /* Pods-SportAppTests.debug.xcconfig */ = {isa = PBXFileReference; includeInIndex = 1; lastKnownFileType = text.xcconfig; name = "Pods-SportAppTests.debug.xcconfig"; path = "Target Support Files/Pods-SportAppTests/Pods-SportAppTests.debug.xcconfig"; sourceTree = "<group>"; };
		29802003F5D457A31C061689 /* Pods-SportAppTests.release.xcconfig */ = {isa = PBXFileReference; includeInIndex = 1; lastKnownFileType = text.xcconfig; name = "Pods-SportAppTests.release.xcconfig"; path = "Target Support Files/Pods-SportAppTests/Pods-SportAppTests.release.xcconfig"; sourceTree = "<group>"; };
		4C27630937E63FDEA8542D8C /* Pods_SportApp_SportAppUITests.framework */ = {isa = PBXFileReference; explicitFileType = wrapper.framework; includeInIndex = 0; path = Pods_SportApp_SportAppUITests.framework; sourceTree = BUILT_PRODUCTS_DIR; };
		4F2A01E0E371B0BE046B5295 /* Pods-SportApp.release.xcconfig */ = {isa = PBXFileReference; includeInIndex = 1; lastKnownFileType = text.xcconfig; name = "Pods-SportApp.release.xcconfig"; path = "Target Support Files/Pods-SportApp/Pods-SportApp.release.xcconfig"; sourceTree = "<group>"; };
		604507DC9DF4AE240C9431B5 /* Pods_SportAppTests.framework */ = {isa = PBXFileReference; explicitFileType = wrapper.framework; includeInIndex = 0; path = Pods_SportAppTests.framework; sourceTree = BUILT_PRODUCTS_DIR; };
		9923A8F829719ED9009C9607 /* InfoOverlayView.swift */ = {isa = PBXFileReference; lastKnownFileType = sourcecode.swift; path = InfoOverlayView.swift; sourceTree = "<group>"; };
		997FC58D296F3150008A3D62 /* SportApp.app */ = {isa = PBXFileReference; explicitFileType = wrapper.application; includeInIndex = 0; path = SportApp.app; sourceTree = BUILT_PRODUCTS_DIR; };
		997FC590296F3150008A3D62 /* SportAppApp.swift */ = {isa = PBXFileReference; lastKnownFileType = sourcecode.swift; path = SportAppApp.swift; sourceTree = "<group>"; };
		997FC592296F3150008A3D62 /* ContentView.swift */ = {isa = PBXFileReference; lastKnownFileType = sourcecode.swift; path = ContentView.swift; sourceTree = "<group>"; };
		997FC594296F3152008A3D62 /* Assets.xcassets */ = {isa = PBXFileReference; lastKnownFileType = folder.assetcatalog; path = Assets.xcassets; sourceTree = "<group>"; };
		997FC597296F3152008A3D62 /* Preview Assets.xcassets */ = {isa = PBXFileReference; lastKnownFileType = folder.assetcatalog; path = "Preview Assets.xcassets"; sourceTree = "<group>"; };
		997FC59D296F3152008A3D62 /* SportAppTests.xctest */ = {isa = PBXFileReference; explicitFileType = wrapper.cfbundle; includeInIndex = 0; path = SportAppTests.xctest; sourceTree = BUILT_PRODUCTS_DIR; };
		997FC5A1296F3152008A3D62 /* SportAppTests.swift */ = {isa = PBXFileReference; lastKnownFileType = sourcecode.swift; path = SportAppTests.swift; sourceTree = "<group>"; };
		997FC5A7296F3152008A3D62 /* SportAppUITests.xctest */ = {isa = PBXFileReference; explicitFileType = wrapper.cfbundle; includeInIndex = 0; path = SportAppUITests.xctest; sourceTree = BUILT_PRODUCTS_DIR; };
		997FC5AB296F3152008A3D62 /* SportAppUITests.swift */ = {isa = PBXFileReference; lastKnownFileType = sourcecode.swift; path = SportAppUITests.swift; sourceTree = "<group>"; };
		997FC5AD296F3152008A3D62 /* SportAppUITestsLaunchTests.swift */ = {isa = PBXFileReference; lastKnownFileType = sourcecode.swift; path = SportAppUITestsLaunchTests.swift; sourceTree = "<group>"; };
		99B6DD112970395E00C98332 /* RunView.swift */ = {isa = PBXFileReference; lastKnownFileType = sourcecode.swift; path = RunView.swift; sourceTree = "<group>"; };
		99B6DD1329703D0A00C98332 /* MapsView.swift */ = {isa = PBXFileReference; lastKnownFileType = sourcecode.swift; path = MapsView.swift; sourceTree = "<group>"; };
		99B6DD1529704A5B00C98332 /* MapsViewModel.swift */ = {isa = PBXFileReference; lastKnownFileType = sourcecode.swift; path = MapsViewModel.swift; sourceTree = "<group>"; };
		99B6DD1729704F8400C98332 /* Info.plist */ = {isa = PBXFileReference; lastKnownFileType = text.plist; path = Info.plist; sourceTree = "<group>"; };
		99B6DD1C29705E5700C98332 /* ChartModel.swift */ = {isa = PBXFileReference; lastKnownFileType = sourcecode.swift; path = ChartModel.swift; sourceTree = "<group>"; };
		99B6DD20297173AE00C98332 /* NewTrainingView.swift */ = {isa = PBXFileReference; lastKnownFileType = sourcecode.swift; path = NewTrainingView.swift; sourceTree = "<group>"; };
		99B6DD2429717A8300C98332 /* NotifListTrainingView.swift */ = {isa = PBXFileReference; lastKnownFileType = sourcecode.swift; path = NotifListTrainingView.swift; sourceTree = "<group>"; };
		99B6DD2A29717DFF00C98332 /* NotificationManager.swift */ = {isa = PBXFileReference; lastKnownFileType = sourcecode.swift; path = NotificationManager.swift; sourceTree = "<group>"; };
		99B6DD2C2971845A00C98332 /* LocalNotificationApp.swift */ = {isa = PBXFileReference; lastKnownFileType = sourcecode.swift; path = LocalNotificationApp.swift; sourceTree = "<group>"; };
		99B6DD2E297187D100C98332 /* CreateNotificationView.swift */ = {isa = PBXFileReference; lastKnownFileType = sourcecode.swift; path = CreateNotificationView.swift; sourceTree = "<group>"; };
		99C06096296F4E5900258BCE /* HomeView.swift */ = {isa = PBXFileReference; lastKnownFileType = sourcecode.swift; path = HomeView.swift; sourceTree = "<group>"; };
		99C06098296F4EE200258BCE /* TrainingView.swift */ = {isa = PBXFileReference; lastKnownFileType = sourcecode.swift; path = TrainingView.swift; sourceTree = "<group>"; };
		99C0609A296F507F00258BCE /* ActivityView.swift */ = {isa = PBXFileReference; lastKnownFileType = sourcecode.swift; path = ActivityView.swift; sourceTree = "<group>"; };
		99C0609C296F511F00258BCE /* ProgramView.swift */ = {isa = PBXFileReference; lastKnownFileType = sourcecode.swift; path = ProgramView.swift; sourceTree = "<group>"; };
		99C060A4296F552600258BCE /* ForYouView.swift */ = {isa = PBXFileReference; lastKnownFileType = sourcecode.swift; path = ForYouView.swift; sourceTree = "<group>"; };
		99C060A6296F557000258BCE /* ActivityProgView.swift */ = {isa = PBXFileReference; lastKnownFileType = sourcecode.swift; path = ActivityProgView.swift; sourceTree = "<group>"; };
		99C060A8296F558700258BCE /* MealView.swift */ = {isa = PBXFileReference; lastKnownFileType = sourcecode.swift; path = MealView.swift; sourceTree = "<group>"; };
		99C060AA296F5E6000258BCE /* LinkProfileView.swift */ = {isa = PBXFileReference; lastKnownFileType = sourcecode.swift; path = LinkProfileView.swift; sourceTree = "<group>"; };
		99C060AC296F614E00258BCE /* ProfileView.swift */ = {isa = PBXFileReference; lastKnownFileType = sourcecode.swift; path = ProfileView.swift; sourceTree = "<group>"; };
		AB7F93249D2952464E36BA50 /* Pods_SportApp.framework */ = {isa = PBXFileReference; explicitFileType = wrapper.framework; includeInIndex = 0; path = Pods_SportApp.framework; sourceTree = BUILT_PRODUCTS_DIR; };
		B842EC10DFCE55D7B898761C /* Pods-SportApp-SportAppUITests.release.xcconfig */ = {isa = PBXFileReference; includeInIndex = 1; lastKnownFileType = text.xcconfig; name = "Pods-SportApp-SportAppUITests.release.xcconfig"; path = "Target Support Files/Pods-SportApp-SportAppUITests/Pods-SportApp-SportAppUITests.release.xcconfig"; sourceTree = "<group>"; };
		C8B74565C814E7E02E2E5209 /* Pods-SportApp-SportAppUITests.debug.xcconfig */ = {isa = PBXFileReference; includeInIndex = 1; lastKnownFileType = text.xcconfig; name = "Pods-SportApp-SportAppUITests.debug.xcconfig"; path = "Target Support Files/Pods-SportApp-SportAppUITests/Pods-SportApp-SportAppUITests.debug.xcconfig"; sourceTree = "<group>"; };
		CA03EBC7C3A7E0ECFA6EF8A0 /* Pods-SportApp.debug.xcconfig */ = {isa = PBXFileReference; includeInIndex = 1; lastKnownFileType = text.xcconfig; name = "Pods-SportApp.debug.xcconfig"; path = "Target Support Files/Pods-SportApp/Pods-SportApp.debug.xcconfig"; sourceTree = "<group>"; };
/* End PBXFileReference section */

/* Begin PBXFrameworksBuildPhase section */
		997FC58A296F3150008A3D62 /* Frameworks */ = {
			isa = PBXFrameworksBuildPhase;
			buildActionMask = 2147483647;
			files = (
				99C0608A296F39CD00258BCE /* Pods_SportApp.framework in Frameworks */,
			);
			runOnlyForDeploymentPostprocessing = 0;
		};
		997FC59A296F3152008A3D62 /* Frameworks */ = {
			isa = PBXFrameworksBuildPhase;
			buildActionMask = 2147483647;
			files = (
				01A59D987F81347A22DEC921 /* Pods_SportAppTests.framework in Frameworks */,
			);
			runOnlyForDeploymentPostprocessing = 0;
		};
		997FC5A4296F3152008A3D62 /* Frameworks */ = {
			isa = PBXFrameworksBuildPhase;
			buildActionMask = 2147483647;
			files = (
				634CC9FB5444CB5D4264D010 /* Pods_SportApp_SportAppUITests.framework in Frameworks */,
			);
			runOnlyForDeploymentPostprocessing = 0;
		};
/* End PBXFrameworksBuildPhase section */

/* Begin PBXGroup section */
		5F7F105B97F58C6A6FCD6AA3 /* Frameworks */ = {
			isa = PBXGroup;
			children = (
				AB7F93249D2952464E36BA50 /* Pods_SportApp.framework */,
				4C27630937E63FDEA8542D8C /* Pods_SportApp_SportAppUITests.framework */,
				604507DC9DF4AE240C9431B5 /* Pods_SportAppTests.framework */,
			);
			name = Frameworks;
			sourceTree = "<group>";
		};
		7416F164084798D2ED3CFCFF /* Pods */ = {
			isa = PBXGroup;
			children = (
				CA03EBC7C3A7E0ECFA6EF8A0 /* Pods-SportApp.debug.xcconfig */,
				4F2A01E0E371B0BE046B5295 /* Pods-SportApp.release.xcconfig */,
				C8B74565C814E7E02E2E5209 /* Pods-SportApp-SportAppUITests.debug.xcconfig */,
				B842EC10DFCE55D7B898761C /* Pods-SportApp-SportAppUITests.release.xcconfig */,
				2333C1E9D15F3EF654DCA047 /* Pods-SportAppTests.debug.xcconfig */,
				29802003F5D457A31C061689 /* Pods-SportAppTests.release.xcconfig */,
			);
			path = Pods;
			sourceTree = "<group>";
		};
		9923A8FA2971B651009C9607 /* Run */ = {
			isa = PBXGroup;
			children = (
				99B6DD112970395E00C98332 /* RunView.swift */,
				99B6DD1529704A5B00C98332 /* MapsViewModel.swift */,
				99B6DD1329703D0A00C98332 /* MapsView.swift */,
			);
			path = Run;
			sourceTree = "<group>";
		};
		997FC584296F3150008A3D62 = {
			isa = PBXGroup;
			children = (
				997FC58F296F3150008A3D62 /* SportApp */,
				997FC5A0296F3152008A3D62 /* SportAppTests */,
				997FC5AA296F3152008A3D62 /* SportAppUITests */,
				997FC58E296F3150008A3D62 /* Products */,
				7416F164084798D2ED3CFCFF /* Pods */,
				5F7F105B97F58C6A6FCD6AA3 /* Frameworks */,
			);
			sourceTree = "<group>";
		};
		997FC58E296F3150008A3D62 /* Products */ = {
			isa = PBXGroup;
			children = (
				997FC58D296F3150008A3D62 /* SportApp.app */,
				997FC59D296F3152008A3D62 /* SportAppTests.xctest */,
				997FC5A7296F3152008A3D62 /* SportAppUITests.xctest */,
			);
			name = Products;
			sourceTree = "<group>";
		};
		997FC58F296F3150008A3D62 /* SportApp */ = {
			isa = PBXGroup;
			children = (
				99B6DD1729704F8400C98332 /* Info.plist */,
				997FC590296F3150008A3D62 /* SportAppApp.swift */,
				99B6DD1829705A7E00C98332 /* Model */,
				99C0609E296F516300258BCE /* View */,
				997FC594296F3152008A3D62 /* Assets.xcassets */,
				997FC596296F3152008A3D62 /* Preview Content */,
			);
			path = SportApp;
			sourceTree = "<group>";
		};
		997FC596296F3152008A3D62 /* Preview Content */ = {
			isa = PBXGroup;
			children = (
				997FC597296F3152008A3D62 /* Preview Assets.xcassets */,
			);
			path = "Preview Content";
			sourceTree = "<group>";
		};
		997FC5A0296F3152008A3D62 /* SportAppTests */ = {
			isa = PBXGroup;
			children = (
				997FC5A1296F3152008A3D62 /* SportAppTests.swift */,
			);
			path = SportAppTests;
			sourceTree = "<group>";
		};
		997FC5AA296F3152008A3D62 /* SportAppUITests */ = {
			isa = PBXGroup;
			children = (
				997FC5AB296F3152008A3D62 /* SportAppUITests.swift */,
				997FC5AD296F3152008A3D62 /* SportAppUITestsLaunchTests.swift */,
			);
			path = SportAppUITests;
			sourceTree = "<group>";
		};
		99B6DD1829705A7E00C98332 /* Model */ = {
			isa = PBXGroup;
			children = (
				99B6DD1929705A8500C98332 /* Activity */,
			);
			path = Model;
			sourceTree = "<group>";
		};
		99B6DD1929705A8500C98332 /* Activity */ = {
			isa = PBXGroup;
			children = (
				99B6DD1C29705E5700C98332 /* ChartModel.swift */,
			);
			path = Activity;
			sourceTree = "<group>";
		};
		99B6DD3229718A9300C98332 /* LocalNotification */ = {
			isa = PBXGroup;
			children = (
				99B6DD2E297187D100C98332 /* CreateNotificationView.swift */,
				9923A8F829719ED9009C9607 /* InfoOverlayView.swift */,
				99B6DD2429717A8300C98332 /* NotifListTrainingView.swift */,
				99B6DD2C2971845A00C98332 /* LocalNotificationApp.swift */,
				99B6DD2A29717DFF00C98332 /* NotificationManager.swift */,
			);
			path = LocalNotification;
			sourceTree = "<group>";
		};
		99C0609E296F516300258BCE /* View */ = {
			isa = PBXGroup;
			children = (
				997FC592296F3150008A3D62 /* ContentView.swift */,
				99C060AA296F5E6000258BCE /* LinkProfileView.swift */,
				99C060AC296F614E00258BCE /* ProfileView.swift */,
				99C060A2296F51BE00258BCE /* Program */,
				99C0609F296F519000258BCE /* Home */,
				99C060A0296F519E00258BCE /* Training */,
				99C060A1296F51AC00258BCE /* Activity */,
			);
			path = View;
			sourceTree = "<group>";
		};
		99C0609F296F519000258BCE /* Home */ = {
			isa = PBXGroup;
			children = (
				99C06096296F4E5900258BCE /* HomeView.swift */,
			);
			path = Home;
			sourceTree = "<group>";
		};
		99C060A0296F519E00258BCE /* Training */ = {
			isa = PBXGroup;
			children = (
				9923A8FA2971B651009C9607 /* Run */,
				99C06098296F4EE200258BCE /* TrainingView.swift */,
				99B6DD20297173AE00C98332 /* NewTrainingView.swift */,
				99B6DD3229718A9300C98332 /* LocalNotification */,
			);
			path = Training;
			sourceTree = "<group>";
		};
		99C060A1296F51AC00258BCE /* Activity */ = {
			isa = PBXGroup;
			children = (
				99C0609A296F507F00258BCE /* ActivityView.swift */,
			);
			path = Activity;
			sourceTree = "<group>";
		};
		99C060A2296F51BE00258BCE /* Program */ = {
			isa = PBXGroup;
			children = (
				99C0609C296F511F00258BCE /* ProgramView.swift */,
				99C060A3296F54F900258BCE /* Select */,
			);
			path = Program;
			sourceTree = "<group>";
		};
		99C060A3296F54F900258BCE /* Select */ = {
			isa = PBXGroup;
			children = (
				99C060A4296F552600258BCE /* ForYouView.swift */,
				99C060A6296F557000258BCE /* ActivityProgView.swift */,
				99C060A8296F558700258BCE /* MealView.swift */,
			);
			path = Select;
			sourceTree = "<group>";
		};
/* End PBXGroup section */

/* Begin PBXNativeTarget section */
		997FC58C296F3150008A3D62 /* SportApp */ = {
			isa = PBXNativeTarget;
			buildConfigurationList = 997FC5B1296F3152008A3D62 /* Build configuration list for PBXNativeTarget "SportApp" */;
			buildPhases = (
				4B85824D2A62060F78A48F62 /* [CP] Check Pods Manifest.lock */,
				997FC589296F3150008A3D62 /* Sources */,
				997FC58A296F3150008A3D62 /* Frameworks */,
				997FC58B296F3150008A3D62 /* Resources */,
				99C0608C296F39CE00258BCE /* Embed Frameworks */,
				A906CCEC534791AB3456AA70 /* [CP] Embed Pods Frameworks */,
			);
			buildRules = (
			);
			dependencies = (
			);
			name = SportApp;
			packageProductDependencies = (
			);
			productName = SportApp;
			productReference = 997FC58D296F3150008A3D62 /* SportApp.app */;
			productType = "com.apple.product-type.application";
		};
		997FC59C296F3152008A3D62 /* SportAppTests */ = {
			isa = PBXNativeTarget;
			buildConfigurationList = 997FC5B4296F3152008A3D62 /* Build configuration list for PBXNativeTarget "SportAppTests" */;
			buildPhases = (
				81D560CBF23DA5433D305A2D /* [CP] Check Pods Manifest.lock */,
				997FC599296F3152008A3D62 /* Sources */,
				997FC59A296F3152008A3D62 /* Frameworks */,
				997FC59B296F3152008A3D62 /* Resources */,
			);
			buildRules = (
			);
			dependencies = (
				997FC59F296F3152008A3D62 /* PBXTargetDependency */,
			);
			name = SportAppTests;
			productName = SportAppTests;
			productReference = 997FC59D296F3152008A3D62 /* SportAppTests.xctest */;
			productType = "com.apple.product-type.bundle.unit-test";
		};
		997FC5A6296F3152008A3D62 /* SportAppUITests */ = {
			isa = PBXNativeTarget;
			buildConfigurationList = 997FC5B7296F3152008A3D62 /* Build configuration list for PBXNativeTarget "SportAppUITests" */;
			buildPhases = (
				7C6D3CBEA3060B7301D43B72 /* [CP] Check Pods Manifest.lock */,
				997FC5A3296F3152008A3D62 /* Sources */,
				997FC5A4296F3152008A3D62 /* Frameworks */,
				997FC5A5296F3152008A3D62 /* Resources */,
				0421E83E188E05A594C2687D /* [CP] Embed Pods Frameworks */,
			);
			buildRules = (
			);
			dependencies = (
				997FC5A9296F3152008A3D62 /* PBXTargetDependency */,
			);
			name = SportAppUITests;
			productName = SportAppUITests;
			productReference = 997FC5A7296F3152008A3D62 /* SportAppUITests.xctest */;
			productType = "com.apple.product-type.bundle.ui-testing";
		};
/* End PBXNativeTarget section */

/* Begin PBXProject section */
		997FC585296F3150008A3D62 /* Project object */ = {
			isa = PBXProject;
			attributes = {
				BuildIndependentTargetsInParallel = 1;
				LastSwiftUpdateCheck = 1420;
				LastUpgradeCheck = 1420;
				TargetAttributes = {
					997FC58C296F3150008A3D62 = {
						CreatedOnToolsVersion = 14.2;
					};
					997FC59C296F3152008A3D62 = {
						CreatedOnToolsVersion = 14.2;
						TestTargetID = 997FC58C296F3150008A3D62;
					};
					997FC5A6296F3152008A3D62 = {
						CreatedOnToolsVersion = 14.2;
						TestTargetID = 997FC58C296F3150008A3D62;
					};
				};
			};
			buildConfigurationList = 997FC588296F3150008A3D62 /* Build configuration list for PBXProject "SportApp" */;
			compatibilityVersion = "Xcode 14.0";
			developmentRegion = en;
			hasScannedForEncodings = 0;
			knownRegions = (
				en,
				Base,
			);
			mainGroup = 997FC584296F3150008A3D62;
			packageReferences = (
			);
			productRefGroup = 997FC58E296F3150008A3D62 /* Products */;
			projectDirPath = "";
			projectRoot = "";
			targets = (
				997FC58C296F3150008A3D62 /* SportApp */,
				997FC59C296F3152008A3D62 /* SportAppTests */,
				997FC5A6296F3152008A3D62 /* SportAppUITests */,
			);
		};
/* End PBXProject section */

/* Begin PBXResourcesBuildPhase section */
		997FC58B296F3150008A3D62 /* Resources */ = {
			isa = PBXResourcesBuildPhase;
			buildActionMask = 2147483647;
			files = (
				997FC598296F3152008A3D62 /* Preview Assets.xcassets in Resources */,
				997FC595296F3152008A3D62 /* Assets.xcassets in Resources */,
			);
			runOnlyForDeploymentPostprocessing = 0;
		};
		997FC59B296F3152008A3D62 /* Resources */ = {
			isa = PBXResourcesBuildPhase;
			buildActionMask = 2147483647;
			files = (
			);
			runOnlyForDeploymentPostprocessing = 0;
		};
		997FC5A5296F3152008A3D62 /* Resources */ = {
			isa = PBXResourcesBuildPhase;
			buildActionMask = 2147483647;
			files = (
			);
			runOnlyForDeploymentPostprocessing = 0;
		};
/* End PBXResourcesBuildPhase section */

/* Begin PBXShellScriptBuildPhase section */
		0421E83E188E05A594C2687D /* [CP] Embed Pods Frameworks */ = {
			isa = PBXShellScriptBuildPhase;
			buildActionMask = 2147483647;
			files = (
			);
			inputFileListPaths = (
				"${PODS_ROOT}/Target Support Files/Pods-SportApp-SportAppUITests/Pods-SportApp-SportAppUITests-frameworks-${CONFIGURATION}-input-files.xcfilelist",
			);
			name = "[CP] Embed Pods Frameworks";
			outputFileListPaths = (
				"${PODS_ROOT}/Target Support Files/Pods-SportApp-SportAppUITests/Pods-SportApp-SportAppUITests-frameworks-${CONFIGURATION}-output-files.xcfilelist",
			);
			runOnlyForDeploymentPostprocessing = 0;
			shellPath = /bin/sh;
			shellScript = "\"${PODS_ROOT}/Target Support Files/Pods-SportApp-SportAppUITests/Pods-SportApp-SportAppUITests-frameworks.sh\"\n";
			showEnvVarsInLog = 0;
		};
		4B85824D2A62060F78A48F62 /* [CP] Check Pods Manifest.lock */ = {
			isa = PBXShellScriptBuildPhase;
			buildActionMask = 2147483647;
			files = (
			);
			inputFileListPaths = (
			);
			inputPaths = (
				"${PODS_PODFILE_DIR_PATH}/Podfile.lock",
				"${PODS_ROOT}/Manifest.lock",
			);
			name = "[CP] Check Pods Manifest.lock";
			outputFileListPaths = (
			);
			outputPaths = (
				"$(DERIVED_FILE_DIR)/Pods-SportApp-checkManifestLockResult.txt",
			);
			runOnlyForDeploymentPostprocessing = 0;
			shellPath = /bin/sh;
			shellScript = "diff \"${PODS_PODFILE_DIR_PATH}/Podfile.lock\" \"${PODS_ROOT}/Manifest.lock\" > /dev/null\nif [ $? != 0 ] ; then\n    # print error to STDERR\n    echo \"error: The sandbox is not in sync with the Podfile.lock. Run 'pod install' or update your CocoaPods installation.\" >&2\n    exit 1\nfi\n# This output is used by Xcode 'outputs' to avoid re-running this script phase.\necho \"SUCCESS\" > \"${SCRIPT_OUTPUT_FILE_0}\"\n";
			showEnvVarsInLog = 0;
		};
		7C6D3CBEA3060B7301D43B72 /* [CP] Check Pods Manifest.lock */ = {
			isa = PBXShellScriptBuildPhase;
			buildActionMask = 2147483647;
			files = (
			);
			inputFileListPaths = (
			);
			inputPaths = (
				"${PODS_PODFILE_DIR_PATH}/Podfile.lock",
				"${PODS_ROOT}/Manifest.lock",
			);
			name = "[CP] Check Pods Manifest.lock";
			outputFileListPaths = (
			);
			outputPaths = (
				"$(DERIVED_FILE_DIR)/Pods-SportApp-SportAppUITests-checkManifestLockResult.txt",
			);
			runOnlyForDeploymentPostprocessing = 0;
			shellPath = /bin/sh;
			shellScript = "diff \"${PODS_PODFILE_DIR_PATH}/Podfile.lock\" \"${PODS_ROOT}/Manifest.lock\" > /dev/null\nif [ $? != 0 ] ; then\n    # print error to STDERR\n    echo \"error: The sandbox is not in sync with the Podfile.lock. Run 'pod install' or update your CocoaPods installation.\" >&2\n    exit 1\nfi\n# This output is used by Xcode 'outputs' to avoid re-running this script phase.\necho \"SUCCESS\" > \"${SCRIPT_OUTPUT_FILE_0}\"\n";
			showEnvVarsInLog = 0;
		};
		81D560CBF23DA5433D305A2D /* [CP] Check Pods Manifest.lock */ = {
			isa = PBXShellScriptBuildPhase;
			buildActionMask = 2147483647;
			files = (
			);
			inputFileListPaths = (
			);
			inputPaths = (
				"${PODS_PODFILE_DIR_PATH}/Podfile.lock",
				"${PODS_ROOT}/Manifest.lock",
			);
			name = "[CP] Check Pods Manifest.lock";
			outputFileListPaths = (
			);
			outputPaths = (
				"$(DERIVED_FILE_DIR)/Pods-SportAppTests-checkManifestLockResult.txt",
			);
			runOnlyForDeploymentPostprocessing = 0;
			shellPath = /bin/sh;
			shellScript = "diff \"${PODS_PODFILE_DIR_PATH}/Podfile.lock\" \"${PODS_ROOT}/Manifest.lock\" > /dev/null\nif [ $? != 0 ] ; then\n    # print error to STDERR\n    echo \"error: The sandbox is not in sync with the Podfile.lock. Run 'pod install' or update your CocoaPods installation.\" >&2\n    exit 1\nfi\n# This output is used by Xcode 'outputs' to avoid re-running this script phase.\necho \"SUCCESS\" > \"${SCRIPT_OUTPUT_FILE_0}\"\n";
			showEnvVarsInLog = 0;
		};
		A906CCEC534791AB3456AA70 /* [CP] Embed Pods Frameworks */ = {
			isa = PBXShellScriptBuildPhase;
			buildActionMask = 2147483647;
			files = (
			);
			inputFileListPaths = (
				"${PODS_ROOT}/Target Support Files/Pods-SportApp/Pods-SportApp-frameworks-${CONFIGURATION}-input-files.xcfilelist",
			);
			name = "[CP] Embed Pods Frameworks";
			outputFileListPaths = (
				"${PODS_ROOT}/Target Support Files/Pods-SportApp/Pods-SportApp-frameworks-${CONFIGURATION}-output-files.xcfilelist",
			);
			runOnlyForDeploymentPostprocessing = 0;
			shellPath = /bin/sh;
			shellScript = "\"${PODS_ROOT}/Target Support Files/Pods-SportApp/Pods-SportApp-frameworks.sh\"\n";
			showEnvVarsInLog = 0;
		};
/* End PBXShellScriptBuildPhase section */

/* Begin PBXSourcesBuildPhase section */
		997FC589296F3150008A3D62 /* Sources */ = {
			isa = PBXSourcesBuildPhase;
			buildActionMask = 2147483647;
			files = (
				99B6DD2D2971845A00C98332 /* LocalNotificationApp.swift in Sources */,
				99C060AB296F5E6000258BCE /* LinkProfileView.swift in Sources */,
				99B6DD21297173AE00C98332 /* NewTrainingView.swift in Sources */,
				99B6DD2B29717DFF00C98332 /* NotificationManager.swift in Sources */,
				99B6DD1629704A5B00C98332 /* MapsViewModel.swift in Sources */,
				99C06099296F4EE200258BCE /* TrainingView.swift in Sources */,
				99C060A7296F557000258BCE /* ActivityProgView.swift in Sources */,
				99B6DD1429703D0A00C98332 /* MapsView.swift in Sources */,
				9923A8F929719EDA009C9607 /* InfoOverlayView.swift in Sources */,
				99C060A5296F552600258BCE /* ForYouView.swift in Sources */,
				99C06097296F4E5900258BCE /* HomeView.swift in Sources */,
				997FC593296F3150008A3D62 /* ContentView.swift in Sources */,
				99C060A9296F558700258BCE /* MealView.swift in Sources */,
				99C0609B296F507F00258BCE /* ActivityView.swift in Sources */,
				99B6DD122970395E00C98332 /* RunView.swift in Sources */,
				997FC591296F3150008A3D62 /* SportAppApp.swift in Sources */,
				99C060AD296F614E00258BCE /* ProfileView.swift in Sources */,
				99B6DD1D29705E5700C98332 /* ChartModel.swift in Sources */,
				99B6DD2F297187D100C98332 /* CreateNotificationView.swift in Sources */,
				99C0609D296F511F00258BCE /* ProgramView.swift in Sources */,
				99B6DD2529717A8300C98332 /* NotifListTrainingView.swift in Sources */,
			);
			runOnlyForDeploymentPostprocessing = 0;
		};
		997FC599296F3152008A3D62 /* Sources */ = {
			isa = PBXSourcesBuildPhase;
			buildActionMask = 2147483647;
			files = (
				997FC5A2296F3152008A3D62 /* SportAppTests.swift in Sources */,
			);
			runOnlyForDeploymentPostprocessing = 0;
		};
		997FC5A3296F3152008A3D62 /* Sources */ = {
			isa = PBXSourcesBuildPhase;
			buildActionMask = 2147483647;
			files = (
				997FC5AE296F3152008A3D62 /* SportAppUITestsLaunchTests.swift in Sources */,
				997FC5AC296F3152008A3D62 /* SportAppUITests.swift in Sources */,
			);
			runOnlyForDeploymentPostprocessing = 0;
		};
/* End PBXSourcesBuildPhase section */

/* Begin PBXTargetDependency section */
		997FC59F296F3152008A3D62 /* PBXTargetDependency */ = {
			isa = PBXTargetDependency;
			target = 997FC58C296F3150008A3D62 /* SportApp */;
			targetProxy = 997FC59E296F3152008A3D62 /* PBXContainerItemProxy */;
		};
		997FC5A9296F3152008A3D62 /* PBXTargetDependency */ = {
			isa = PBXTargetDependency;
			target = 997FC58C296F3150008A3D62 /* SportApp */;
			targetProxy = 997FC5A8296F3152008A3D62 /* PBXContainerItemProxy */;
		};
/* End PBXTargetDependency section */

/* Begin XCBuildConfiguration section */
		997FC5AF296F3152008A3D62 /* Debug */ = {
			isa = XCBuildConfiguration;
			buildSettings = {
				ALWAYS_SEARCH_USER_PATHS = NO;
				CLANG_ANALYZER_NONNULL = YES;
				CLANG_ANALYZER_NUMBER_OBJECT_CONVERSION = YES_AGGRESSIVE;
				CLANG_CXX_LANGUAGE_STANDARD = "gnu++20";
				CLANG_ENABLE_MODULES = YES;
				CLANG_ENABLE_OBJC_ARC = YES;
				CLANG_ENABLE_OBJC_WEAK = YES;
				CLANG_WARN_BLOCK_CAPTURE_AUTORELEASING = YES;
				CLANG_WARN_BOOL_CONVERSION = YES;
				CLANG_WARN_COMMA = YES;
				CLANG_WARN_CONSTANT_CONVERSION = YES;
				CLANG_WARN_DEPRECATED_OBJC_IMPLEMENTATIONS = YES;
				CLANG_WARN_DIRECT_OBJC_ISA_USAGE = YES_ERROR;
				CLANG_WARN_DOCUMENTATION_COMMENTS = YES;
				CLANG_WARN_EMPTY_BODY = YES;
				CLANG_WARN_ENUM_CONVERSION = YES;
				CLANG_WARN_INFINITE_RECURSION = YES;
				CLANG_WARN_INT_CONVERSION = YES;
				CLANG_WARN_NON_LITERAL_NULL_CONVERSION = YES;
				CLANG_WARN_OBJC_IMPLICIT_RETAIN_SELF = YES;
				CLANG_WARN_OBJC_LITERAL_CONVERSION = YES;
				CLANG_WARN_OBJC_ROOT_CLASS = YES_ERROR;
				CLANG_WARN_QUOTED_INCLUDE_IN_FRAMEWORK_HEADER = YES;
				CLANG_WARN_RANGE_LOOP_ANALYSIS = YES;
				CLANG_WARN_STRICT_PROTOTYPES = YES;
				CLANG_WARN_SUSPICIOUS_MOVE = YES;
				CLANG_WARN_UNGUARDED_AVAILABILITY = YES_AGGRESSIVE;
				CLANG_WARN_UNREACHABLE_CODE = YES;
				CLANG_WARN__DUPLICATE_METHOD_MATCH = YES;
				COPY_PHASE_STRIP = NO;
				DEBUG_INFORMATION_FORMAT = dwarf;
				ENABLE_STRICT_OBJC_MSGSEND = YES;
				ENABLE_TESTABILITY = YES;
				GCC_C_LANGUAGE_STANDARD = gnu11;
				GCC_DYNAMIC_NO_PIC = NO;
				GCC_NO_COMMON_BLOCKS = YES;
				GCC_OPTIMIZATION_LEVEL = 0;
				GCC_PREPROCESSOR_DEFINITIONS = (
					"DEBUG=1",
					"$(inherited)",
				);
				GCC_WARN_64_TO_32_BIT_CONVERSION = YES;
				GCC_WARN_ABOUT_RETURN_TYPE = YES_ERROR;
				GCC_WARN_UNDECLARED_SELECTOR = YES;
				GCC_WARN_UNINITIALIZED_AUTOS = YES_AGGRESSIVE;
				GCC_WARN_UNUSED_FUNCTION = YES;
				GCC_WARN_UNUSED_VARIABLE = YES;
				IPHONEOS_DEPLOYMENT_TARGET = 16.2;
				MTL_ENABLE_DEBUG_INFO = INCLUDE_SOURCE;
				MTL_FAST_MATH = YES;
				ONLY_ACTIVE_ARCH = YES;
				SDKROOT = iphoneos;
				SWIFT_ACTIVE_COMPILATION_CONDITIONS = DEBUG;
				SWIFT_OPTIMIZATION_LEVEL = "-Onone";
			};
			name = Debug;
		};
		997FC5B0296F3152008A3D62 /* Release */ = {
			isa = XCBuildConfiguration;
			buildSettings = {
				ALWAYS_SEARCH_USER_PATHS = NO;
				CLANG_ANALYZER_NONNULL = YES;
				CLANG_ANALYZER_NUMBER_OBJECT_CONVERSION = YES_AGGRESSIVE;
				CLANG_CXX_LANGUAGE_STANDARD = "gnu++20";
				CLANG_ENABLE_MODULES = YES;
				CLANG_ENABLE_OBJC_ARC = YES;
				CLANG_ENABLE_OBJC_WEAK = YES;
				CLANG_WARN_BLOCK_CAPTURE_AUTORELEASING = YES;
				CLANG_WARN_BOOL_CONVERSION = YES;
				CLANG_WARN_COMMA = YES;
				CLANG_WARN_CONSTANT_CONVERSION = YES;
				CLANG_WARN_DEPRECATED_OBJC_IMPLEMENTATIONS = YES;
				CLANG_WARN_DIRECT_OBJC_ISA_USAGE = YES_ERROR;
				CLANG_WARN_DOCUMENTATION_COMMENTS = YES;
				CLANG_WARN_EMPTY_BODY = YES;
				CLANG_WARN_ENUM_CONVERSION = YES;
				CLANG_WARN_INFINITE_RECURSION = YES;
				CLANG_WARN_INT_CONVERSION = YES;
				CLANG_WARN_NON_LITERAL_NULL_CONVERSION = YES;
				CLANG_WARN_OBJC_IMPLICIT_RETAIN_SELF = YES;
				CLANG_WARN_OBJC_LITERAL_CONVERSION = YES;
				CLANG_WARN_OBJC_ROOT_CLASS = YES_ERROR;
				CLANG_WARN_QUOTED_INCLUDE_IN_FRAMEWORK_HEADER = YES;
				CLANG_WARN_RANGE_LOOP_ANALYSIS = YES;
				CLANG_WARN_STRICT_PROTOTYPES = YES;
				CLANG_WARN_SUSPICIOUS_MOVE = YES;
				CLANG_WARN_UNGUARDED_AVAILABILITY = YES_AGGRESSIVE;
				CLANG_WARN_UNREACHABLE_CODE = YES;
				CLANG_WARN__DUPLICATE_METHOD_MATCH = YES;
				COPY_PHASE_STRIP = NO;
				DEBUG_INFORMATION_FORMAT = "dwarf-with-dsym";
				ENABLE_NS_ASSERTIONS = NO;
				ENABLE_STRICT_OBJC_MSGSEND = YES;
				GCC_C_LANGUAGE_STANDARD = gnu11;
				GCC_NO_COMMON_BLOCKS = YES;
				GCC_WARN_64_TO_32_BIT_CONVERSION = YES;
				GCC_WARN_ABOUT_RETURN_TYPE = YES_ERROR;
				GCC_WARN_UNDECLARED_SELECTOR = YES;
				GCC_WARN_UNINITIALIZED_AUTOS = YES_AGGRESSIVE;
				GCC_WARN_UNUSED_FUNCTION = YES;
				GCC_WARN_UNUSED_VARIABLE = YES;
				IPHONEOS_DEPLOYMENT_TARGET = 16.2;
				MTL_ENABLE_DEBUG_INFO = NO;
				MTL_FAST_MATH = YES;
				SDKROOT = iphoneos;
				SWIFT_COMPILATION_MODE = wholemodule;
				SWIFT_OPTIMIZATION_LEVEL = "-O";
				VALIDATE_PRODUCT = YES;
			};
			name = Release;
		};
		997FC5B2296F3152008A3D62 /* Debug */ = {
			isa = XCBuildConfiguration;
			baseConfigurationReference = CA03EBC7C3A7E0ECFA6EF8A0 /* Pods-SportApp.debug.xcconfig */;
			buildSettings = {
				ASSETCATALOG_COMPILER_APPICON_NAME = AppIcon;
				ASSETCATALOG_COMPILER_GLOBAL_ACCENT_COLOR_NAME = AccentColor;
				CODE_SIGN_STYLE = Automatic;
				CURRENT_PROJECT_VERSION = 1;
				DEVELOPMENT_ASSET_PATHS = "\"SportApp/Preview Content\"";
				DEVELOPMENT_TEAM = US5S6B5FB6;
				ENABLE_PREVIEWS = YES;
				GENERATE_INFOPLIST_FILE = YES;
				INFOPLIST_FILE = SportApp/Info.plist;
				INFOPLIST_KEY_NSLocationAlwaysAndWhenInUseUsageDescription = "Nous utilisons votre localisation pour améliorer votre expérience d'utilisateur et pour vous fournir des fonctionnalités en arrière-plan";
				INFOPLIST_KEY_NSLocationWhenInUseUsageDescription = "Nous utilisons votre localisation pour améliorer votre expérience d'utilisateur";
				INFOPLIST_KEY_UIApplicationSceneManifest_Generation = YES;
				INFOPLIST_KEY_UIApplicationSupportsIndirectInputEvents = YES;
				INFOPLIST_KEY_UILaunchScreen_Generation = YES;
				INFOPLIST_KEY_UISupportedInterfaceOrientations_iPad = "UIInterfaceOrientationPortrait UIInterfaceOrientationPortraitUpsideDown UIInterfaceOrientationLandscapeLeft UIInterfaceOrientationLandscapeRight";
				INFOPLIST_KEY_UISupportedInterfaceOrientations_iPhone = "UIInterfaceOrientationPortrait UIInterfaceOrientationLandscapeLeft UIInterfaceOrientationLandscapeRight";
				LD_RUNPATH_SEARCH_PATHS = (
					"$(inherited)",
					"@executable_path/Frameworks",
				);
				MARKETING_VERSION = 1.0;
				PRODUCT_BUNDLE_IDENTIFIER = com.iutsd.SportApp;
				PRODUCT_NAME = "$(TARGET_NAME)";
				SWIFT_EMIT_LOC_STRINGS = YES;
				SWIFT_VERSION = 5.0;
				TARGETED_DEVICE_FAMILY = "1,2";
			};
			name = Debug;
		};
		997FC5B3296F3152008A3D62 /* Release */ = {
			isa = XCBuildConfiguration;
			baseConfigurationReference = 4F2A01E0E371B0BE046B5295 /* Pods-SportApp.release.xcconfig */;
			buildSettings = {
				ASSETCATALOG_COMPILER_APPICON_NAME = AppIcon;
				ASSETCATALOG_COMPILER_GLOBAL_ACCENT_COLOR_NAME = AccentColor;
				CODE_SIGN_STYLE = Automatic;
				CURRENT_PROJECT_VERSION = 1;
				DEVELOPMENT_ASSET_PATHS = "\"SportApp/Preview Content\"";
				DEVELOPMENT_TEAM = US5S6B5FB6;
				ENABLE_PREVIEWS = YES;
				GENERATE_INFOPLIST_FILE = YES;
				INFOPLIST_FILE = SportApp/Info.plist;
				INFOPLIST_KEY_NSLocationAlwaysAndWhenInUseUsageDescription = "Nous utilisons votre localisation pour améliorer votre expérience d'utilisateur et pour vous fournir des fonctionnalités en arrière-plan";
				INFOPLIST_KEY_NSLocationWhenInUseUsageDescription = "Nous utilisons votre localisation pour améliorer votre expérience d'utilisateur";
				INFOPLIST_KEY_UIApplicationSceneManifest_Generation = YES;
				INFOPLIST_KEY_UIApplicationSupportsIndirectInputEvents = YES;
				INFOPLIST_KEY_UILaunchScreen_Generation = YES;
				INFOPLIST_KEY_UISupportedInterfaceOrientations_iPad = "UIInterfaceOrientationPortrait UIInterfaceOrientationPortraitUpsideDown UIInterfaceOrientationLandscapeLeft UIInterfaceOrientationLandscapeRight";
				INFOPLIST_KEY_UISupportedInterfaceOrientations_iPhone = "UIInterfaceOrientationPortrait UIInterfaceOrientationLandscapeLeft UIInterfaceOrientationLandscapeRight";
				LD_RUNPATH_SEARCH_PATHS = (
					"$(inherited)",
					"@executable_path/Frameworks",
				);
				MARKETING_VERSION = 1.0;
				PRODUCT_BUNDLE_IDENTIFIER = com.iutsd.SportApp;
				PRODUCT_NAME = "$(TARGET_NAME)";
				SWIFT_EMIT_LOC_STRINGS = YES;
				SWIFT_VERSION = 5.0;
				TARGETED_DEVICE_FAMILY = "1,2";
			};
			name = Release;
		};
		997FC5B5296F3152008A3D62 /* Debug */ = {
			isa = XCBuildConfiguration;
			baseConfigurationReference = 2333C1E9D15F3EF654DCA047 /* Pods-SportAppTests.debug.xcconfig */;
			buildSettings = {
				ALWAYS_EMBED_SWIFT_STANDARD_LIBRARIES = YES;
				BUNDLE_LOADER = "$(TEST_HOST)";
				CODE_SIGN_STYLE = Automatic;
				CURRENT_PROJECT_VERSION = 1;
				GENERATE_INFOPLIST_FILE = YES;
				INFOPLIST_KEY_NSLocationWhenInUseUsageDescription = "This app needs your location to show it on the map.";
				IPHONEOS_DEPLOYMENT_TARGET = 16.2;
				MARKETING_VERSION = 1.0;
				PRODUCT_BUNDLE_IDENTIFIER = com.iutsd.SportAppTests;
				PRODUCT_NAME = "$(TARGET_NAME)";
				SWIFT_EMIT_LOC_STRINGS = NO;
				SWIFT_VERSION = 5.0;
				TARGETED_DEVICE_FAMILY = "1,2";
				TEST_HOST = "$(BUILT_PRODUCTS_DIR)/SportApp.app/$(BUNDLE_EXECUTABLE_FOLDER_PATH)/SportApp";
			};
			name = Debug;
		};
		997FC5B6296F3152008A3D62 /* Release */ = {
			isa = XCBuildConfiguration;
			baseConfigurationReference = 29802003F5D457A31C061689 /* Pods-SportAppTests.release.xcconfig */;
			buildSettings = {
				ALWAYS_EMBED_SWIFT_STANDARD_LIBRARIES = YES;
				BUNDLE_LOADER = "$(TEST_HOST)";
				CODE_SIGN_STYLE = Automatic;
				CURRENT_PROJECT_VERSION = 1;
				GENERATE_INFOPLIST_FILE = YES;
				INFOPLIST_KEY_NSLocationWhenInUseUsageDescription = "This app needs your location to show it on the map.";
				IPHONEOS_DEPLOYMENT_TARGET = 16.2;
				MARKETING_VERSION = 1.0;
				PRODUCT_BUNDLE_IDENTIFIER = com.iutsd.SportAppTests;
				PRODUCT_NAME = "$(TARGET_NAME)";
				SWIFT_EMIT_LOC_STRINGS = NO;
				SWIFT_VERSION = 5.0;
				TARGETED_DEVICE_FAMILY = "1,2";
				TEST_HOST = "$(BUILT_PRODUCTS_DIR)/SportApp.app/$(BUNDLE_EXECUTABLE_FOLDER_PATH)/SportApp";
			};
			name = Release;
		};
		997FC5B8296F3152008A3D62 /* Debug */ = {
			isa = XCBuildConfiguration;
			baseConfigurationReference = C8B74565C814E7E02E2E5209 /* Pods-SportApp-SportAppUITests.debug.xcconfig */;
			buildSettings = {
				ALWAYS_EMBED_SWIFT_STANDARD_LIBRARIES = YES;
				CODE_SIGN_STYLE = Automatic;
				CURRENT_PROJECT_VERSION = 1;
				GENERATE_INFOPLIST_FILE = YES;
				MARKETING_VERSION = 1.0;
				PRODUCT_BUNDLE_IDENTIFIER = com.iutsd.SportAppUITests;
				PRODUCT_NAME = "$(TARGET_NAME)";
				SWIFT_EMIT_LOC_STRINGS = NO;
				SWIFT_VERSION = 5.0;
				TARGETED_DEVICE_FAMILY = "1,2";
				TEST_TARGET_NAME = SportApp;
			};
			name = Debug;
		};
		997FC5B9296F3152008A3D62 /* Release */ = {
			isa = XCBuildConfiguration;
			baseConfigurationReference = B842EC10DFCE55D7B898761C /* Pods-SportApp-SportAppUITests.release.xcconfig */;
			buildSettings = {
				ALWAYS_EMBED_SWIFT_STANDARD_LIBRARIES = YES;
				CODE_SIGN_STYLE = Automatic;
				CURRENT_PROJECT_VERSION = 1;
				GENERATE_INFOPLIST_FILE = YES;
				MARKETING_VERSION = 1.0;
				PRODUCT_BUNDLE_IDENTIFIER = com.iutsd.SportAppUITests;
				PRODUCT_NAME = "$(TARGET_NAME)";
				SWIFT_EMIT_LOC_STRINGS = NO;
				SWIFT_VERSION = 5.0;
				TARGETED_DEVICE_FAMILY = "1,2";
				TEST_TARGET_NAME = SportApp;
			};
			name = Release;
		};
/* End XCBuildConfiguration section */

/* Begin XCConfigurationList section */
		997FC588296F3150008A3D62 /* Build configuration list for PBXProject "SportApp" */ = {
			isa = XCConfigurationList;
			buildConfigurations = (
				997FC5AF296F3152008A3D62 /* Debug */,
				997FC5B0296F3152008A3D62 /* Release */,
			);
			defaultConfigurationIsVisible = 0;
			defaultConfigurationName = Release;
		};
		997FC5B1296F3152008A3D62 /* Build configuration list for PBXNativeTarget "SportApp" */ = {
			isa = XCConfigurationList;
			buildConfigurations = (
				997FC5B2296F3152008A3D62 /* Debug */,
				997FC5B3296F3152008A3D62 /* Release */,
			);
			defaultConfigurationIsVisible = 0;
			defaultConfigurationName = Release;
		};
		997FC5B4296F3152008A3D62 /* Build configuration list for PBXNativeTarget "SportAppTests" */ = {
			isa = XCConfigurationList;
			buildConfigurations = (
				997FC5B5296F3152008A3D62 /* Debug */,
				997FC5B6296F3152008A3D62 /* Release */,
			);
			defaultConfigurationIsVisible = 0;
			defaultConfigurationName = Release;
		};
		997FC5B7296F3152008A3D62 /* Build configuration list for PBXNativeTarget "SportAppUITests" */ = {
			isa = XCConfigurationList;
			buildConfigurations = (
				997FC5B8296F3152008A3D62 /* Debug */,
				997FC5B9296F3152008A3D62 /* Release */,
			);
			defaultConfigurationIsVisible = 0;
			defaultConfigurationName = Release;
		};
/* End XCConfigurationList section */
	};
	rootObject = 997FC585296F3150008A3D62 /* Project object */;
}
